{
  "name": "v3-test",
  "version": "0.0.0",
  "lockfileVersion": 1,
  "requires": true,
  "dependencies": {
    "vue-router": {
      "version": "4.0.3",
      "resolved": "https://registry.npmjs.org/vue-router/-/vue-router-4.0.3.tgz",
      "integrity": "sha512-AD1OjtVPyQHTSpoRsEGfPpxRQwhAhxcacOYO3zJ3KNkYP/r09mileSp6kdMQKhZWP2cFsPR3E2M3PZguSN5/ww=="
    },
    "vuex": {
      "version": "4.0.0-rc.2",
      "resolved": "https://registry.npmjs.org/vuex/-/vuex-4.0.0-rc.2.tgz",
      "integrity": "sha512-HCPzYGea1xL7fMpDoMiHKujC1Bi/HM9LS5ML0Kv55zQtZJvOl0Lq7eWvJoen+SI4Lf7p9V5AqcVsoLPXNBywjg=="
    }
  }
}
